
Microsoft Visual Studio Solution File, Format Version 12.00
# Visual Studio Version 17
VisualStudioVersion = 17.13.36105.23
MinimumVisualStudioVersion = 10.0.40219.1
Project("{FAE04EC0-301F-11D3-BF4B-00C04F79EFBC}") = "ProductsCategories", "ProductsCategories.csproj", "{1D645CF3-3469-43D2-9D44-CAB5A86AF2C0}"
EndProject
Project("{FAE04EC0-301F-11D3-BF4B-00C04F79EFBC}") = "ProductsCategories.Data", "..\ProductsCategories.Data\ProductsCategories.Data.csproj", "{621C1590-6668-42BA-BA9D-E82F3EFF0791}"
EndProject
Project("{FAE04EC0-301F-11D3-BF4B-00C04F79EFBC}") = "ProductsCategories.Services", "..\ProductsCategories.Services\ProductsCategories.Services.csproj", "{D771E25B-CA60-406E-B24C-3506FA976752}"
EndProject
Global
	GlobalSection(SolutionConfigurationPlatforms) = preSolution
		Debug|Any CPU = Debug|Any CPU
		Release|Any CPU = Release|Any CPU
	EndGlobalSection
	GlobalSection(ProjectConfigurationPlatforms) = postSolution
		{1D645CF3-3469-43D2-9D44-CAB5A86AF2C0}.Debug|Any CPU.ActiveCfg = Debug|Any CPU
		{1D645CF3-3469-43D2-9D44-CAB5A86AF2C0}.Debug|Any CPU.Build.0 = Debug|Any CPU
		{1D645CF3-3469-43D2-9D44-CAB5A86AF2C0}.Release|Any CPU.ActiveCfg = Release|Any CPU
		{1D645CF3-3469-43D2-9D44-CAB5A86AF2C0}.Release|Any CPU.Build.0 = Release|Any CPU
		{621C1590-6668-42BA-BA9D-E82F3EFF0791}.Debug|Any CPU.ActiveCfg = Debug|Any CPU
		{621C1590-6668-42BA-BA9D-E82F3EFF0791}.Debug|Any CPU.Build.0 = Debug|Any CPU
		{621C1590-6668-42BA-BA9D-E82F3EFF0791}.Release|Any CPU.ActiveCfg = Release|Any CPU
		{621C1590-6668-42BA-BA9D-E82F3EFF0791}.Release|Any CPU.Build.0 = Release|Any CPU
		{D771E25B-CA60-406E-B24C-3506FA976752}.Debug|Any CPU.ActiveCfg = Debug|Any CPU
		{D771E25B-CA60-406E-B24C-3506FA976752}.Debug|Any CPU.Build.0 = Debug|Any CPU
		{D771E25B-CA60-406E-B24C-3506FA976752}.Release|Any CPU.ActiveCfg = Release|Any CPU
		{D771E25B-CA60-406E-B24C-3506FA976752}.Release|Any CPU.Build.0 = Release|Any CPU
	EndGlobalSection
	GlobalSection(SolutionProperties) = preSolution
		HideSolutionNode = FALSE
	EndGlobalSection
	GlobalSection(ExtensibilityGlobals) = postSolution
		SolutionGuid = {E1E5268B-6D36-4939-8DB2-F8886B3EC90E}
	EndGlobalSection
EndGlobal
